
Microsoft Visual Studio Solution File, Format Version 12.00
# Visual Studio Version 16
VisualStudioVersion = 16.0.30413.136
MinimumVisualStudioVersion = 10.0.40219.1
Project("{FAE04EC0-301F-11D3-BF4B-00C04F79EFBC}") = "Book Management System", "Book Management System.csproj", "{8BA73DC0-0A19-4A3B-BD5D-5E9075A9B3B9}"
EndProject
Global
	GlobalSection(SolutionConfigurationPlatforms) = preSolution
		Debug|Any CPU = Debug|Any CPU
		Release|Any CPU = Release|Any CPU
	EndGlobalSection
	GlobalSection(ProjectConfigurationPlatforms) = postSolution
		{8BA73DC0-0A19-4A3B-BD5D-5E9075A9B3B9}.Debug|Any CPU.ActiveCfg = Debug|Any CPU
		{8BA73DC0-0A19-4A3B-BD5D-5E9075A9B3B9}.Debug|Any CPU.Build.0 = Debug|Any CPU
		{8BA73DC0-0A19-4A3B-BD5D-5E9075A9B3B9}.Release|Any CPU.ActiveCfg = Release|Any CPU
		{8BA73DC0-0A19-4A3B-BD5D-5E9075A9B3B9}.Release|Any CPU.Build.0 = Release|Any CPU
	EndGlobalSection
	GlobalSection(SolutionProperties) = preSolution
		HideSolutionNode = FALSE
	EndGlobalSection
	GlobalSection(ExtensibilityGlobals) = postSolution
		SolutionGuid = {06CE6E42-DAB0-48D5-9E4C-186B72811D9B}
	EndGlobalSection
EndGlobal
